// !$*UTF8*$!
{
	archiveVersion = 1;
	classes = {
	};
	objectVersion = 46;
	objects = {

/* Begin PBXBuildFile section */
		4FA44146C49045F39FC94A2E /* libPods-Travis.a in Frameworks */ = {isa = PBXBuildFile; fileRef = 10194F9820D847F393103DEF /* libPods-Travis.a */; };
		5169D9B019BE927D00CDEEAE /* MenuTableViewController.m in Sources */ = {isa = PBXBuildFile; fileRef = 5169D9AF19BE927D00CDEEAE /* MenuTableViewController.m */; };
		5169D9B419C04C6100CDEEAE /* UserConfig.m in Sources */ = {isa = PBXBuildFile; fileRef = 5169D9B319C04C6100CDEEAE /* UserConfig.m */; };
		5169D9B819C04F3F00CDEEAE /* SettingsTableViewController.m in Sources */ = {isa = PBXBuildFile; fileRef = 5169D9B719C04F3F00CDEEAE /* SettingsTableViewController.m */; };
		5169D9BD19C050B400CDEEAE /* RecentTableViewController.m in Sources */ = {isa = PBXBuildFile; fileRef = 5169D9BC19C050B400CDEEAE /* RecentTableViewController.m */; };
		5169D9C019C0512800CDEEAE /* MyTableViewController.m in Sources */ = {isa = PBXBuildFile; fileRef = 5169D9BF19C0512800CDEEAE /* MyTableViewController.m */; };
		5169D9C619C0598A00CDEEAE /* GithubLoginViewController.m in Sources */ = {isa = PBXBuildFile; fileRef = 5169D9C519C0598A00CDEEAE /* GithubLoginViewController.m */; };
		51E68A7019B6AA2200FF47B1 /* Foundation.framework in Frameworks */ = {isa = PBXBuildFile; fileRef = 51E68A6F19B6AA2200FF47B1 /* Foundation.framework */; };
		51E68A7219B6AA2200FF47B1 /* CoreGraphics.framework in Frameworks */ = {isa = PBXBuildFile; fileRef = 51E68A7119B6AA2200FF47B1 /* CoreGraphics.framework */; };
		51E68A7419B6AA2200FF47B1 /* UIKit.framework in Frameworks */ = {isa = PBXBuildFile; fileRef = 51E68A7319B6AA2200FF47B1 /* UIKit.framework */; };
		51E68A7619B6AA2200FF47B1 /* CoreData.framework in Frameworks */ = {isa = PBXBuildFile; fileRef = 51E68A7519B6AA2200FF47B1 /* CoreData.framework */; };
		51E68A7C19B6AA2200FF47B1 /* InfoPlist.strings in Resources */ = {isa = PBXBuildFile; fileRef = 51E68A7A19B6AA2200FF47B1 /* InfoPlist.strings */; };
		51E68A7E19B6AA2200FF47B1 /* main.m in Sources */ = {isa = PBXBuildFile; fileRef = 51E68A7D19B6AA2200FF47B1 /* main.m */; };
		51E68A8219B6AA2200FF47B1 /* AppDelegate.m in Sources */ = {isa = PBXBuildFile; fileRef = 51E68A8119B6AA2200FF47B1 /* AppDelegate.m */; };
		51E68A8519B6AA2200FF47B1 /* Main.storyboard in Resources */ = {isa = PBXBuildFile; fileRef = 51E68A8319B6AA2200FF47B1 /* Main.storyboard */; };
		51E68A8819B6AA2200FF47B1 /* Travis.xcdatamodeld in Sources */ = {isa = PBXBuildFile; fileRef = 51E68A8619B6AA2200FF47B1 /* Travis.xcdatamodeld */; };
		51E68A8B19B6AA2200FF47B1 /* MasterViewController.m in Sources */ = {isa = PBXBuildFile; fileRef = 51E68A8A19B6AA2200FF47B1 /* MasterViewController.m */; };
		51E68A8E19B6AA2200FF47B1 /* DetailViewController.m in Sources */ = {isa = PBXBuildFile; fileRef = 51E68A8D19B6AA2200FF47B1 /* DetailViewController.m */; };
		51E68A9019B6AA2200FF47B1 /* Images.xcassets in Resources */ = {isa = PBXBuildFile; fileRef = 51E68A8F19B6AA2200FF47B1 /* Images.xcassets */; };
		51E68A9719B6AA2200FF47B1 /* XCTest.framework in Frameworks */ = {isa = PBXBuildFile; fileRef = 51E68A9619B6AA2200FF47B1 /* XCTest.framework */; };
		51E68A9819B6AA2200FF47B1 /* Foundation.framework in Frameworks */ = {isa = PBXBuildFile; fileRef = 51E68A6F19B6AA2200FF47B1 /* Foundation.framework */; };
		51E68A9919B6AA2200FF47B1 /* UIKit.framework in Frameworks */ = {isa = PBXBuildFile; fileRef = 51E68A7319B6AA2200FF47B1 /* UIKit.framework */; };
		51E68A9A19B6AA2200FF47B1 /* CoreData.framework in Frameworks */ = {isa = PBXBuildFile; fileRef = 51E68A7519B6AA2200FF47B1 /* CoreData.framework */; };
		51E68AA219B6AA2200FF47B1 /* InfoPlist.strings in Resources */ = {isa = PBXBuildFile; fileRef = 51E68AA019B6AA2200FF47B1 /* InfoPlist.strings */; };
		51E68AA419B6AA2200FF47B1 /* TravisTests.m in Sources */ = {isa = PBXBuildFile; fileRef = 51E68AA319B6AA2200FF47B1 /* TravisTests.m */; };
		51E68AAF19B6ABB500FF47B1 /* AddUserViewController.m in Sources */ = {isa = PBXBuildFile; fileRef = 51E68AAE19B6ABB500FF47B1 /* AddUserViewController.m */; };
		51E68AB719B6ACEE00FF47B1 /* RepositoriesTableViewController.m in Sources */ = {isa = PBXBuildFile; fileRef = 51E68AB619B6ACEE00FF47B1 /* RepositoriesTableViewController.m */; };
/* End PBXBuildFile section */

/* Begin PBXContainerItemProxy section */
		51E68A9B19B6AA2200FF47B1 /* PBXContainerItemProxy */ = {
			isa = PBXContainerItemProxy;
			containerPortal = 51E68A6419B6AA2200FF47B1 /* Project object */;
			proxyType = 1;
			remoteGlobalIDString = 51E68A6B19B6AA2200FF47B1;
			remoteInfo = Travis;
		};
/* End PBXContainerItemProxy section */

/* Begin PBXFileReference section */
		10194F9820D847F393103DEF /* libPods-Travis.a */ = {isa = PBXFileReference; explicitFileType = archive.ar; includeInIndex = 0; path = "libPods-Travis.a"; sourceTree = BUILT_PRODUCTS_DIR; };
		5169D9AE19BE927D00CDEEAE /* MenuTableViewController.h */ = {isa = PBXFileReference; fileEncoding = 4; lastKnownFileType = sourcecode.c.h; path = MenuTableViewController.h; sourceTree = "<group>"; };
		5169D9AF19BE927D00CDEEAE /* MenuTableViewController.m */ = {isa = PBXFileReference; fileEncoding = 4; lastKnownFileType = sourcecode.c.objc; path = MenuTableViewController.m; sourceTree = "<group>"; };
		5169D9B119C034D800CDEEAE /* UIConstants.h */ = {isa = PBXFileReference; fileEncoding = 4; lastKnownFileType = sourcecode.c.h; path = UIConstants.h; sourceTree = "<group>"; };
		5169D9B219C04C6100CDEEAE /* UserConfig.h */ = {isa = PBXFileReference; fileEncoding = 4; lastKnownFileType = sourcecode.c.h; path = UserConfig.h; sourceTree = "<group>"; };
		5169D9B319C04C6100CDEEAE /* UserConfig.m */ = {isa = PBXFileReference; fileEncoding = 4; lastKnownFileType = sourcecode.c.objc; path = UserConfig.m; sourceTree = "<group>"; };
		5169D9B619C04F3F00CDEEAE /* SettingsTableViewController.h */ = {isa = PBXFileReference; fileEncoding = 4; lastKnownFileType = sourcecode.c.h; path = SettingsTableViewController.h; sourceTree = "<group>"; };
		5169D9B719C04F3F00CDEEAE /* SettingsTableViewController.m */ = {isa = PBXFileReference; fileEncoding = 4; lastKnownFileType = sourcecode.c.objc; path = SettingsTableViewController.m; sourceTree = "<group>"; };
		5169D9BB19C050B400CDEEAE /* RecentTableViewController.h */ = {isa = PBXFileReference; fileEncoding = 4; lastKnownFileType = sourcecode.c.h; path = RecentTableViewController.h; sourceTree = "<group>"; };
		5169D9BC19C050B400CDEEAE /* RecentTableViewController.m */ = {isa = PBXFileReference; fileEncoding = 4; lastKnownFileType = sourcecode.c.objc; path = RecentTableViewController.m; sourceTree = "<group>"; };
		5169D9BE19C0512800CDEEAE /* MyTableViewController.h */ = {isa = PBXFileReference; fileEncoding = 4; lastKnownFileType = sourcecode.c.h; path = MyTableViewController.h; sourceTree = "<group>"; };
		5169D9BF19C0512800CDEEAE /* MyTableViewController.m */ = {isa = PBXFileReference; fileEncoding = 4; lastKnownFileType = sourcecode.c.objc; path = MyTableViewController.m; sourceTree = "<group>"; };
		5169D9C219C053EC00CDEEAE /* APIKeys.h */ = {isa = PBXFileReference; fileEncoding = 4; lastKnownFileType = sourcecode.c.h; path = APIKeys.h; sourceTree = "<group>"; };
		5169D9C419C0598A00CDEEAE /* GithubLoginViewController.h */ = {isa = PBXFileReference; fileEncoding = 4; lastKnownFileType = sourcecode.c.h; path = GithubLoginViewController.h; sourceTree = "<group>"; };
		5169D9C519C0598A00CDEEAE /* GithubLoginViewController.m */ = {isa = PBXFileReference; fileEncoding = 4; lastKnownFileType = sourcecode.c.objc; path = GithubLoginViewController.m; sourceTree = "<group>"; };
		51E68A6C19B6AA2200FF47B1 /* Travis.app */ = {isa = PBXFileReference; explicitFileType = wrapper.application; includeInIndex = 0; path = Travis.app; sourceTree = BUILT_PRODUCTS_DIR; };
		51E68A6F19B6AA2200FF47B1 /* Foundation.framework */ = {isa = PBXFileReference; lastKnownFileType = wrapper.framework; name = Foundation.framework; path = System/Library/Frameworks/Foundation.framework; sourceTree = SDKROOT; };
		51E68A7119B6AA2200FF47B1 /* CoreGraphics.framework */ = {isa = PBXFileReference; lastKnownFileType = wrapper.framework; name = CoreGraphics.framework; path = System/Library/Frameworks/CoreGraphics.framework; sourceTree = SDKROOT; };
		51E68A7319B6AA2200FF47B1 /* UIKit.framework */ = {isa = PBXFileReference; lastKnownFileType = wrapper.framework; name = UIKit.framework; path = System/Library/Frameworks/UIKit.framework; sourceTree = SDKROOT; };
		51E68A7519B6AA2200FF47B1 /* CoreData.framework */ = {isa = PBXFileReference; lastKnownFileType = wrapper.framework; name = CoreData.framework; path = System/Library/Frameworks/CoreData.framework; sourceTree = SDKROOT; };
		51E68A7919B6AA2200FF47B1 /* Travis-Info.plist */ = {isa = PBXFileReference; lastKnownFileType = text.plist.xml; path = "Travis-Info.plist"; sourceTree = "<group>"; };
		51E68A7B19B6AA2200FF47B1 /* en */ = {isa = PBXFileReference; lastKnownFileType = text.plist.strings; name = en; path = en.lproj/InfoPlist.strings; sourceTree = "<group>"; };
		51E68A7D19B6AA2200FF47B1 /* main.m */ = {isa = PBXFileReference; lastKnownFileType = sourcecode.c.objc; path = main.m; sourceTree = "<group>"; };
		51E68A7F19B6AA2200FF47B1 /* Travis-Prefix.pch */ = {isa = PBXFileReference; lastKnownFileType = sourcecode.c.h; path = "Travis-Prefix.pch"; sourceTree = "<group>"; };
		51E68A8019B6AA2200FF47B1 /* AppDelegate.h */ = {isa = PBXFileReference; lastKnownFileType = sourcecode.c.h; path = AppDelegate.h; sourceTree = "<group>"; };
		51E68A8119B6AA2200FF47B1 /* AppDelegate.m */ = {isa = PBXFileReference; lastKnownFileType = sourcecode.c.objc; path = AppDelegate.m; sourceTree = "<group>"; };
		51E68A8419B6AA2200FF47B1 /* Base */ = {isa = PBXFileReference; lastKnownFileType = file.storyboard; name = Base; path = Base.lproj/Main.storyboard; sourceTree = "<group>"; };
		51E68A8719B6AA2200FF47B1 /* Travis.xcdatamodel */ = {isa = PBXFileReference; lastKnownFileType = wrapper.xcdatamodel; path = Travis.xcdatamodel; sourceTree = "<group>"; };
		51E68A8919B6AA2200FF47B1 /* MasterViewController.h */ = {isa = PBXFileReference; lastKnownFileType = sourcecode.c.h; path = MasterViewController.h; sourceTree = "<group>"; };
		51E68A8A19B6AA2200FF47B1 /* MasterViewController.m */ = {isa = PBXFileReference; lastKnownFileType = sourcecode.c.objc; path = MasterViewController.m; sourceTree = "<group>"; };
		51E68A8C19B6AA2200FF47B1 /* DetailViewController.h */ = {isa = PBXFileReference; lastKnownFileType = sourcecode.c.h; path = DetailViewController.h; sourceTree = "<group>"; };
		51E68A8D19B6AA2200FF47B1 /* DetailViewController.m */ = {isa = PBXFileReference; lastKnownFileType = sourcecode.c.objc; path = DetailViewController.m; sourceTree = "<group>"; };
		51E68A8F19B6AA2200FF47B1 /* Images.xcassets */ = {isa = PBXFileReference; lastKnownFileType = folder.assetcatalog; path = Images.xcassets; sourceTree = "<group>"; };
		51E68A9519B6AA2200FF47B1 /* TravisTests.xctest */ = {isa = PBXFileReference; explicitFileType = wrapper.cfbundle; includeInIndex = 0; path = TravisTests.xctest; sourceTree = BUILT_PRODUCTS_DIR; };
		51E68A9619B6AA2200FF47B1 /* XCTest.framework */ = {isa = PBXFileReference; lastKnownFileType = wrapper.framework; name = XCTest.framework; path = Library/Frameworks/XCTest.framework; sourceTree = DEVELOPER_DIR; };
		51E68A9F19B6AA2200FF47B1 /* TravisTests-Info.plist */ = {isa = PBXFileReference; lastKnownFileType = text.plist.xml; path = "TravisTests-Info.plist"; sourceTree = "<group>"; };
		51E68AA119B6AA2200FF47B1 /* en */ = {isa = PBXFileReference; lastKnownFileType = text.plist.strings; name = en; path = en.lproj/InfoPlist.strings; sourceTree = "<group>"; };
		51E68AA319B6AA2200FF47B1 /* TravisTests.m */ = {isa = PBXFileReference; lastKnownFileType = sourcecode.c.objc; path = TravisTests.m; sourceTree = "<group>"; };
		51E68AAD19B6ABB500FF47B1 /* AddUserViewController.h */ = {isa = PBXFileReference; fileEncoding = 4; lastKnownFileType = sourcecode.c.h; path = AddUserViewController.h; sourceTree = "<group>"; };
		51E68AAE19B6ABB500FF47B1 /* AddUserViewController.m */ = {isa = PBXFileReference; fileEncoding = 4; lastKnownFileType = sourcecode.c.objc; path = AddUserViewController.m; sourceTree = "<group>"; };
		51E68AB519B6ACEE00FF47B1 /* RepositoriesTableViewController.h */ = {isa = PBXFileReference; fileEncoding = 4; lastKnownFileType = sourcecode.c.h; path = RepositoriesTableViewController.h; sourceTree = "<group>"; };
		51E68AB619B6ACEE00FF47B1 /* RepositoriesTableViewController.m */ = {isa = PBXFileReference; fileEncoding = 4; lastKnownFileType = sourcecode.c.objc; path = RepositoriesTableViewController.m; sourceTree = "<group>"; };
		FCE529FDF0894C6A838A830D /* Pods-Travis.xcconfig */ = {isa = PBXFileReference; includeInIndex = 1; lastKnownFileType = text.xcconfig; name = "Pods-Travis.xcconfig"; path = "Pods/Pods-Travis.xcconfig"; sourceTree = "<group>"; };
/* End PBXFileReference section */

/* Begin PBXFrameworksBuildPhase section */
		51E68A6919B6AA2200FF47B1 /* Frameworks */ = {
			isa = PBXFrameworksBuildPhase;
			buildActionMask = 2147483647;
			files = (
				51E68A7219B6AA2200FF47B1 /* CoreGraphics.framework in Frameworks */,
				51E68A7619B6AA2200FF47B1 /* CoreData.framework in Frameworks */,
				51E68A7419B6AA2200FF47B1 /* UIKit.framework in Frameworks */,
				51E68A7019B6AA2200FF47B1 /* Foundation.framework in Frameworks */,
				4FA44146C49045F39FC94A2E /* libPods-Travis.a in Frameworks */,
			);
			runOnlyForDeploymentPostprocessing = 0;
		};
		51E68A9219B6AA2200FF47B1 /* Frameworks */ = {
			isa = PBXFrameworksBuildPhase;
			buildActionMask = 2147483647;
			files = (
				51E68A9719B6AA2200FF47B1 /* XCTest.framework in Frameworks */,
				51E68A9A19B6AA2200FF47B1 /* CoreData.framework in Frameworks */,
				51E68A9919B6AA2200FF47B1 /* UIKit.framework in Frameworks */,
				51E68A9819B6AA2200FF47B1 /* Foundation.framework in Frameworks */,
			);
			runOnlyForDeploymentPostprocessing = 0;
		};
/* End PBXFrameworksBuildPhase section */

/* Begin PBXGroup section */
		5169D9AD19BE926F00CDEEAE /* menu */ = {
			isa = PBXGroup;
			children = (
				5169D9AE19BE927D00CDEEAE /* MenuTableViewController.h */,
				5169D9AF19BE927D00CDEEAE /* MenuTableViewController.m */,
			);
			name = menu;
			sourceTree = "<group>";
		};
		5169D9B519C04F2D00CDEEAE /* settings */ = {
			isa = PBXGroup;
			children = (
				5169D9C319C0597400CDEEAE /* github */,
				5169D9B619C04F3F00CDEEAE /* SettingsTableViewController.h */,
				5169D9B719C04F3F00CDEEAE /* SettingsTableViewController.m */,
			);
			name = settings;
			sourceTree = "<group>";
		};
		5169D9B919C0509600CDEEAE /* recent */ = {
			isa = PBXGroup;
			children = (
				5169D9BB19C050B400CDEEAE /* RecentTableViewController.h */,
				5169D9BC19C050B400CDEEAE /* RecentTableViewController.m */,
			);
			name = recent;
			sourceTree = "<group>";
		};
		5169D9BA19C050A500CDEEAE /* my */ = {
			isa = PBXGroup;
			children = (
				5169D9BE19C0512800CDEEAE /* MyTableViewController.h */,
				5169D9BF19C0512800CDEEAE /* MyTableViewController.m */,
			);
			name = my;
			sourceTree = "<group>";
		};
		5169D9C119C051D200CDEEAE /* home */ = {
			isa = PBXGroup;
			children = (
				5169D9BA19C050A500CDEEAE /* my */,
				5169D9B919C0509600CDEEAE /* recent */,
				51E68AB319B6ABD000FF47B1 /* favourits */,
			);
			name = home;
			sourceTree = "<group>";
		};
		5169D9C319C0597400CDEEAE /* github */ = {
			isa = PBXGroup;
			children = (
				5169D9C419C0598A00CDEEAE /* GithubLoginViewController.h */,
				5169D9C519C0598A00CDEEAE /* GithubLoginViewController.m */,
			);
			name = github;
			sourceTree = "<group>";
		};
		51E68A6319B6AA2200FF47B1 = {
			isa = PBXGroup;
			children = (
				51E68A7719B6AA2200FF47B1 /* Travis */,
				51E68A9D19B6AA2200FF47B1 /* TravisTests */,
				51E68A6E19B6AA2200FF47B1 /* Frameworks */,
				51E68A6D19B6AA2200FF47B1 /* Products */,
				FCE529FDF0894C6A838A830D /* Pods-Travis.xcconfig */,
			);
			sourceTree = "<group>";
		};
		51E68A6D19B6AA2200FF47B1 /* Products */ = {
			isa = PBXGroup;
			children = (
				51E68A6C19B6AA2200FF47B1 /* Travis.app */,
				51E68A9519B6AA2200FF47B1 /* TravisTests.xctest */,
			);
			name = Products;
			sourceTree = "<group>";
		};
		51E68A6E19B6AA2200FF47B1 /* Frameworks */ = {
			isa = PBXGroup;
			children = (
				51E68A6F19B6AA2200FF47B1 /* Foundation.framework */,
				51E68A7119B6AA2200FF47B1 /* CoreGraphics.framework */,
				51E68A7319B6AA2200FF47B1 /* UIKit.framework */,
				51E68A7519B6AA2200FF47B1 /* CoreData.framework */,
				51E68A9619B6AA2200FF47B1 /* XCTest.framework */,
				10194F9820D847F393103DEF /* libPods-Travis.a */,
			);
			name = Frameworks;
			sourceTree = "<group>";
		};
		51E68A7719B6AA2200FF47B1 /* Travis */ = {
			isa = PBXGroup;
			children = (
				51E68B0219B6B5A100FF47B1 /* helper */,
				51E68AB019B6ABBA00FF47B1 /* views */,
				51E68A8019B6AA2200FF47B1 /* AppDelegate.h */,
				51E68A8119B6AA2200FF47B1 /* AppDelegate.m */,
				51E68A8319B6AA2200FF47B1 /* Main.storyboard */,
				51E68A8F19B6AA2200FF47B1 /* Images.xcassets */,
				51E68A8619B6AA2200FF47B1 /* Travis.xcdatamodeld */,
				51E68A7819B6AA2200FF47B1 /* Supporting Files */,
			);
			path = Travis;
			sourceTree = "<group>";
		};
		51E68A7819B6AA2200FF47B1 /* Supporting Files */ = {
			isa = PBXGroup;
			children = (
				51E68A7919B6AA2200FF47B1 /* Travis-Info.plist */,
				51E68A7A19B6AA2200FF47B1 /* InfoPlist.strings */,
				51E68A7D19B6AA2200FF47B1 /* main.m */,
				51E68A7F19B6AA2200FF47B1 /* Travis-Prefix.pch */,
			);
			name = "Supporting Files";
			sourceTree = "<group>";
		};
		51E68A9D19B6AA2200FF47B1 /* TravisTests */ = {
			isa = PBXGroup;
			children = (
				51E68AA319B6AA2200FF47B1 /* TravisTests.m */,
				51E68A9E19B6AA2200FF47B1 /* Supporting Files */,
			);
			path = TravisTests;
			sourceTree = "<group>";
		};
		51E68A9E19B6AA2200FF47B1 /* Supporting Files */ = {
			isa = PBXGroup;
			children = (
				51E68A9F19B6AA2200FF47B1 /* TravisTests-Info.plist */,
				51E68AA019B6AA2200FF47B1 /* InfoPlist.strings */,
			);
			name = "Supporting Files";
			sourceTree = "<group>";
		};
		51E68AB019B6ABBA00FF47B1 /* views */ = {
			isa = PBXGroup;
			children = (
				5169D9AD19BE926F00CDEEAE /* menu */,
				5169D9C119C051D200CDEEAE /* home */,
				5169D9B519C04F2D00CDEEAE /* settings */,
			);
			name = views;
			sourceTree = "<group>";
		};
		51E68AB119B6ABC300FF47B1 /* add */ = {
			isa = PBXGroup;
			children = (
				51E68AAD19B6ABB500FF47B1 /* AddUserViewController.h */,
				51E68AAE19B6ABB500FF47B1 /* AddUserViewController.m */,
			);
			name = add;
			sourceTree = "<group>";
		};
		51E68AB219B6ABC900FF47B1 /* detail */ = {
			isa = PBXGroup;
			children = (
				51E68A8C19B6AA2200FF47B1 /* DetailViewController.h */,
				51E68A8D19B6AA2200FF47B1 /* DetailViewController.m */,
			);
			name = detail;
			sourceTree = "<group>";
		};
		51E68AB319B6ABD000FF47B1 /* favourits */ = {
			isa = PBXGroup;
			children = (
				51E68AB419B6ABDC00FF47B1 /* repositories */,
				51E68AB119B6ABC300FF47B1 /* add */,
				51E68A8919B6AA2200FF47B1 /* MasterViewController.h */,
				51E68A8A19B6AA2200FF47B1 /* MasterViewController.m */,
			);
			name = favourits;
			sourceTree = "<group>";
		};
		51E68AB419B6ABDC00FF47B1 /* repositories */ = {
			isa = PBXGroup;
			children = (
				51E68AB219B6ABC900FF47B1 /* detail */,
				51E68AB519B6ACEE00FF47B1 /* RepositoriesTableViewController.h */,
				51E68AB619B6ACEE00FF47B1 /* RepositoriesTableViewController.m */,
			);
			name = repositories;
			sourceTree = "<group>";
		};
		51E68B0219B6B5A100FF47B1 /* helper */ = {
			isa = PBXGroup;
			children = (
				5169D9C219C053EC00CDEEAE /* APIKeys.h */,
				5169D9B119C034D800CDEEAE /* UIConstants.h */,
				5169D9B219C04C6100CDEEAE /* UserConfig.h */,
				5169D9B319C04C6100CDEEAE /* UserConfig.m */,
			);
			name = helper;
			sourceTree = "<group>";
		};
/* End PBXGroup section */

/* Begin PBXNativeTarget section */
		51E68A6B19B6AA2200FF47B1 /* Travis */ = {
			isa = PBXNativeTarget;
			buildConfigurationList = 51E68AA719B6AA2200FF47B1 /* Build configuration list for PBXNativeTarget "Travis" */;
			buildPhases = (
				7B8E73EE939549578A708BA7 /* Check Pods Manifest.lock */,
				51E68A6819B6AA2200FF47B1 /* Sources */,
				51E68A6919B6AA2200FF47B1 /* Frameworks */,
				51E68A6A19B6AA2200FF47B1 /* Resources */,
				79A96B1DEAE74FEA96612126 /* Copy Pods Resources */,
			);
			buildRules = (
			);
			dependencies = (
			);
			name = Travis;
			productName = Travis;
			productReference = 51E68A6C19B6AA2200FF47B1 /* Travis.app */;
			productType = "com.apple.product-type.application";
		};
		51E68A9419B6AA2200FF47B1 /* TravisTests */ = {
			isa = PBXNativeTarget;
			buildConfigurationList = 51E68AAA19B6AA2200FF47B1 /* Build configuration list for PBXNativeTarget "TravisTests" */;
			buildPhases = (
				51E68A9119B6AA2200FF47B1 /* Sources */,
				51E68A9219B6AA2200FF47B1 /* Frameworks */,
				51E68A9319B6AA2200FF47B1 /* Resources */,
			);
			buildRules = (
			);
			dependencies = (
				51E68A9C19B6AA2200FF47B1 /* PBXTargetDependency */,
			);
			name = TravisTests;
			productName = TravisTests;
			productReference = 51E68A9519B6AA2200FF47B1 /* TravisTests.xctest */;
			productType = "com.apple.product-type.bundle.unit-test";
		};
/* End PBXNativeTarget section */

/* Begin PBXProject section */
		51E68A6419B6AA2200FF47B1 /* Project object */ = {
			isa = PBXProject;
			attributes = {
				LastUpgradeCheck = 0510;
				ORGANIZATIONNAME = Naxmeify;
				TargetAttributes = {
					51E68A9419B6AA2200FF47B1 = {
						TestTargetID = 51E68A6B19B6AA2200FF47B1;
					};
				};
			};
			buildConfigurationList = 51E68A6719B6AA2200FF47B1 /* Build configuration list for PBXProject "Travis" */;
			compatibilityVersion = "Xcode 3.2";
			developmentRegion = English;
			hasScannedForEncodings = 0;
			knownRegions = (
				en,
				Base,
			);
			mainGroup = 51E68A6319B6AA2200FF47B1;
			productRefGroup = 51E68A6D19B6AA2200FF47B1 /* Products */;
			projectDirPath = "";
			projectRoot = "";
			targets = (
				51E68A6B19B6AA2200FF47B1 /* Travis */,
				51E68A9419B6AA2200FF47B1 /* TravisTests */,
			);
		};
/* End PBXProject section */

/* Begin PBXResourcesBuildPhase section */
		51E68A6A19B6AA2200FF47B1 /* Resources */ = {
			isa = PBXResourcesBuildPhase;
			buildActionMask = 2147483647;
			files = (
				51E68A9019B6AA2200FF47B1 /* Images.xcassets in Resources */,
				51E68A7C19B6AA2200FF47B1 /* InfoPlist.strings in Resources */,
				51E68A8519B6AA2200FF47B1 /* Main.storyboard in Resources */,
			);
			runOnlyForDeploymentPostprocessing = 0;
		};
		51E68A9319B6AA2200FF47B1 /* Resources */ = {
			isa = PBXResourcesBuildPhase;
			buildActionMask = 2147483647;
			files = (
				51E68AA219B6AA2200FF47B1 /* InfoPlist.strings in Resources */,
			);
			runOnlyForDeploymentPostprocessing = 0;
		};
/* End PBXResourcesBuildPhase section */

/* Begin PBXShellScriptBuildPhase section */
		79A96B1DEAE74FEA96612126 /* Copy Pods Resources */ = {
			isa = PBXShellScriptBuildPhase;
			buildActionMask = 2147483647;
			files = (
			);
			inputPaths = (
			);
			name = "Copy Pods Resources";
			outputPaths = (
			);
			runOnlyForDeploymentPostprocessing = 0;
			shellPath = /bin/sh;
			shellScript = "\"${SRCROOT}/Pods/Pods-Travis-resources.sh\"\n";
			showEnvVarsInLog = 0;
		};
		7B8E73EE939549578A708BA7 /* Check Pods Manifest.lock */ = {
			isa = PBXShellScriptBuildPhase;
			buildActionMask = 2147483647;
			files = (
			);
			inputPaths = (
			);
			name = "Check Pods Manifest.lock";
			outputPaths = (
			);
			runOnlyForDeploymentPostprocessing = 0;
			shellPath = /bin/sh;
			shellScript = "diff \"${PODS_ROOT}/../Podfile.lock\" \"${PODS_ROOT}/Manifest.lock\" > /dev/null\nif [[ $? != 0 ]] ; then\n    cat << EOM\nerror: The sandbox is not in sync with the Podfile.lock. Run 'pod install' or update your CocoaPods installation.\nEOM\n    exit 1\nfi\n";
			showEnvVarsInLog = 0;
		};
/* End PBXShellScriptBuildPhase section */

/* Begin PBXSourcesBuildPhase section */
		51E68A6819B6AA2200FF47B1 /* Sources */ = {
			isa = PBXSourcesBuildPhase;
			buildActionMask = 2147483647;
			files = (
				5169D9C619C0598A00CDEEAE /* GithubLoginViewController.m in Sources */,
				5169D9B019BE927D00CDEEAE /* MenuTableViewController.m in Sources */,
				51E68A8E19B6AA2200FF47B1 /* DetailViewController.m in Sources */,
				5169D9B819C04F3F00CDEEAE /* SettingsTableViewController.m in Sources */,
				5169D9C019C0512800CDEEAE /* MyTableViewController.m in Sources */,
				51E68A8B19B6AA2200FF47B1 /* MasterViewController.m in Sources */,
				51E68AB719B6ACEE00FF47B1 /* RepositoriesTableViewController.m in Sources */,
				51E68A8219B6AA2200FF47B1 /* AppDelegate.m in Sources */,
				51E68A7E19B6AA2200FF47B1 /* main.m in Sources */,
				51E68A8819B6AA2200FF47B1 /* Travis.xcdatamodeld in Sources */,
				51E68AAF19B6ABB500FF47B1 /* AddUserViewController.m in Sources */,
				5169D9BD19C050B400CDEEAE /* RecentTableViewController.m in Sources */,
				5169D9B419C04C6100CDEEAE /* UserConfig.m in Sources */,
			);
			runOnlyForDeploymentPostprocessing = 0;
		};
		51E68A9119B6AA2200FF47B1 /* Sources */ = {
			isa = PBXSourcesBuildPhase;
			buildActionMask = 2147483647;
			files = (
				51E68AA419B6AA2200FF47B1 /* TravisTests.m in Sources */,
			);
			runOnlyForDeploymentPostprocessing = 0;
		};
/* End PBXSourcesBuildPhase section */

/* Begin PBXTargetDependency section */
		51E68A9C19B6AA2200FF47B1 /* PBXTargetDependency */ = {
			isa = PBXTargetDependency;
			target = 51E68A6B19B6AA2200FF47B1 /* Travis */;
			targetProxy = 51E68A9B19B6AA2200FF47B1 /* PBXContainerItemProxy */;
		};
/* End PBXTargetDependency section */

/* Begin PBXVariantGroup section */
		51E68A7A19B6AA2200FF47B1 /* InfoPlist.strings */ = {
			isa = PBXVariantGroup;
			children = (
				51E68A7B19B6AA2200FF47B1 /* en */,
			);
			name = InfoPlist.strings;
			sourceTree = "<group>";
		};
		51E68A8319B6AA2200FF47B1 /* Main.storyboard */ = {
			isa = PBXVariantGroup;
			children = (
				51E68A8419B6AA2200FF47B1 /* Base */,
			);
			name = Main.storyboard;
			sourceTree = "<group>";
		};
		51E68AA019B6AA2200FF47B1 /* InfoPlist.strings */ = {
			isa = PBXVariantGroup;
			children = (
				51E68AA119B6AA2200FF47B1 /* en */,
			);
			name = InfoPlist.strings;
			sourceTree = "<group>";
		};
/* End PBXVariantGroup section */

/* Begin XCBuildConfiguration section */
		51E68AA519B6AA2200FF47B1 /* Debug */ = {
			isa = XCBuildConfiguration;
			buildSettings = {
				ALWAYS_SEARCH_USER_PATHS = NO;
				CLANG_CXX_LANGUAGE_STANDARD = "gnu++0x";
				CLANG_CXX_LIBRARY = "libc++";
				CLANG_ENABLE_MODULES = YES;
				CLANG_ENABLE_OBJC_ARC = YES;
				CLANG_WARN_BOOL_CONVERSION = YES;
				CLANG_WARN_CONSTANT_CONVERSION = YES;
				CLANG_WARN_DIRECT_OBJC_ISA_USAGE = YES_ERROR;
				CLANG_WARN_EMPTY_BODY = YES;
				CLANG_WARN_ENUM_CONVERSION = YES;
				CLANG_WARN_INT_CONVERSION = YES;
				CLANG_WARN_OBJC_ROOT_CLASS = YES_ERROR;
				CLANG_WARN__DUPLICATE_METHOD_MATCH = YES;
				"CODE_SIGN_IDENTITY[sdk=iphoneos*]" = "iPhone Developer";
				COPY_PHASE_STRIP = NO;
				GCC_C_LANGUAGE_STANDARD = gnu99;
				GCC_DYNAMIC_NO_PIC = NO;
				GCC_OPTIMIZATION_LEVEL = 0;
				GCC_PREPROCESSOR_DEFINITIONS = (
					"DEBUG=1",
					"$(inherited)",
				);
				GCC_SYMBOLS_PRIVATE_EXTERN = NO;
				GCC_WARN_64_TO_32_BIT_CONVERSION = YES;
				GCC_WARN_ABOUT_RETURN_TYPE = YES_ERROR;
				GCC_WARN_UNDECLARED_SELECTOR = YES;
				GCC_WARN_UNINITIALIZED_AUTOS = YES_AGGRESSIVE;
				GCC_WARN_UNUSED_FUNCTION = YES;
				GCC_WARN_UNUSED_VARIABLE = YES;
				IPHONEOS_DEPLOYMENT_TARGET = 7.1;
				ONLY_ACTIVE_ARCH = YES;
				SDKROOT = iphoneos;
			};
			name = Debug;
		};
		51E68AA619B6AA2200FF47B1 /* Release */ = {
			isa = XCBuildConfiguration;
			buildSettings = {
				ALWAYS_SEARCH_USER_PATHS = NO;
				CLANG_CXX_LANGUAGE_STANDARD = "gnu++0x";
				CLANG_CXX_LIBRARY = "libc++";
				CLANG_ENABLE_MODULES = YES;
				CLANG_ENABLE_OBJC_ARC = YES;
				CLANG_WARN_BOOL_CONVERSION = YES;
				CLANG_WARN_CONSTANT_CONVERSION = YES;
				CLANG_WARN_DIRECT_OBJC_ISA_USAGE = YES_ERROR;
				CLANG_WARN_EMPTY_BODY = YES;
				CLANG_WARN_ENUM_CONVERSION = YES;
				CLANG_WARN_INT_CONVERSION = YES;
				CLANG_WARN_OBJC_ROOT_CLASS = YES_ERROR;
				CLANG_WARN__DUPLICATE_METHOD_MATCH = YES;
				"CODE_SIGN_IDENTITY[sdk=iphoneos*]" = "iPhone Developer";
				COPY_PHASE_STRIP = YES;
				ENABLE_NS_ASSERTIONS = NO;
				GCC_C_LANGUAGE_STANDARD = gnu99;
				GCC_WARN_64_TO_32_BIT_CONVERSION = YES;
				GCC_WARN_ABOUT_RETURN_TYPE = YES_ERROR;
				GCC_WARN_UNDECLARED_SELECTOR = YES;
				GCC_WARN_UNINITIALIZED_AUTOS = YES_AGGRESSIVE;
				GCC_WARN_UNUSED_FUNCTION = YES;
				GCC_WARN_UNUSED_VARIABLE = YES;
				IPHONEOS_DEPLOYMENT_TARGET = 7.1;
				SDKROOT = iphoneos;
				VALIDATE_PRODUCT = YES;
			};
			name = Release;
		};
		51E68AA819B6AA2200FF47B1 /* Debug */ = {
			isa = XCBuildConfiguration;
			baseConfigurationReference = FCE529FDF0894C6A838A830D /* Pods-Travis.xcconfig */;
			buildSettings = {
				ASSETCATALOG_COMPILER_APPICON_NAME = AppIcon;
				ASSETCATALOG_COMPILER_LAUNCHIMAGE_NAME = LaunchImage;
				GCC_PRECOMPILE_PREFIX_HEADER = YES;
				GCC_PREFIX_HEADER = "Travis/Travis-Prefix.pch";
				INFOPLIST_FILE = "Travis/Travis-Info.plist";
				PRODUCT_NAME = "$(TARGET_NAME)";
				WRAPPER_EXTENSION = app;
			};
			name = Debug;
		};
		51E68AA919B6AA2200FF47B1 /* Release */ = {
			isa = XCBuildConfiguration;
			baseConfigurationReference = FCE529FDF0894C6A838A830D /* Pods-Travis.xcconfig */;
			buildSettings = {
				ASSETCATALOG_COMPILER_APPICON_NAME = AppIcon;
				ASSETCATALOG_COMPILER_LAUNCHIMAGE_NAME = LaunchImage;
				GCC_PRECOMPILE_PREFIX_HEADER = YES;
				GCC_PREFIX_HEADER = "Travis/Travis-Prefix.pch";
				INFOPLIST_FILE = "Travis/Travis-Info.plist";
				PRODUCT_NAME = "$(TARGET_NAME)";
				WRAPPER_EXTENSION = app;
			};
			name = Release;
		};
		51E68AAB19B6AA2200FF47B1 /* Debug */ = {
			isa = XCBuildConfiguration;
			buildSettings = {
				BUNDLE_LOADER = "$(BUILT_PRODUCTS_DIR)/Travis.app/Travis";
				FRAMEWORK_SEARCH_PATHS = (
					"$(SDKROOT)/Developer/Library/Frameworks",
					"$(inherited)",
					"$(DEVELOPER_FRAMEWORKS_DIR)",
				);
				GCC_PRECOMPILE_PREFIX_HEADER = YES;
				GCC_PREFIX_HEADER = "Travis/Travis-Prefix.pch";
				GCC_PREPROCESSOR_DEFINITIONS = (
					"DEBUG=1",
					"$(inherited)",
				);
				INFOPLIST_FILE = "TravisTests/TravisTests-Info.plist";
				PRODUCT_NAME = "$(TARGET_NAME)";
				TEST_HOST = "$(BUNDLE_LOADER)";
				WRAPPER_EXTENSION = xctest;
			};
			name = Debug;
		};
		51E68AAC19B6AA2200FF47B1 /* Release */ = {
			isa = XCBuildConfiguration;
			buildSettings = {
				BUNDLE_LOADER = "$(BUILT_PRODUCTS_DIR)/Travis.app/Travis";
				FRAMEWORK_SEARCH_PATHS = (
					"$(SDKROOT)/Developer/Library/Frameworks",
					"$(inherited)",
					"$(DEVELOPER_FRAMEWORKS_DIR)",
				);
				GCC_PRECOMPILE_PREFIX_HEADER = YES;
				GCC_PREFIX_HEADER = "Travis/Travis-Prefix.pch";
				INFOPLIST_FILE = "TravisTests/TravisTests-Info.plist";
				PRODUCT_NAME = "$(TARGET_NAME)";
				TEST_HOST = "$(BUNDLE_LOADER)";
				WRAPPER_EXTENSION = xctest;
			};
			name = Release;
		};
/* End XCBuildConfiguration section */

/* Begin XCConfigurationList section */
		51E68A6719B6AA2200FF47B1 /* Build configuration list for PBXProject "Travis" */ = {
			isa = XCConfigurationList;
			buildConfigurations = (
				51E68AA519B6AA2200FF47B1 /* Debug */,
				51E68AA619B6AA2200FF47B1 /* Release */,
			);
			defaultConfigurationIsVisible = 0;
			defaultConfigurationName = Release;
		};
		51E68AA719B6AA2200FF47B1 /* Build configuration list for PBXNativeTarget "Travis" */ = {
			isa = XCConfigurationList;
			buildConfigurations = (
				51E68AA819B6AA2200FF47B1 /* Debug */,
				51E68AA919B6AA2200FF47B1 /* Release */,
			);
			defaultConfigurationIsVisible = 0;
			defaultConfigurationName = Release;
		};
		51E68AAA19B6AA2200FF47B1 /* Build configuration list for PBXNativeTarget "TravisTests" */ = {
			isa = XCConfigurationList;
			buildConfigurations = (
				51E68AAB19B6AA2200FF47B1 /* Debug */,
				51E68AAC19B6AA2200FF47B1 /* Release */,
			);
			defaultConfigurationIsVisible = 0;
			defaultConfigurationName = Release;
		};
/* End XCConfigurationList section */

/* Begin XCVersionGroup section */
		51E68A8619B6AA2200FF47B1 /* Travis.xcdatamodeld */ = {
			isa = XCVersionGroup;
			children = (
				51E68A8719B6AA2200FF47B1 /* Travis.xcdatamodel */,
			);
			currentVersion = 51E68A8719B6AA2200FF47B1 /* Travis.xcdatamodel */;
			path = Travis.xcdatamodeld;
			sourceTree = "<group>";
			versionGroupType = wrapper.xcdatamodel;
		};
/* End XCVersionGroup section */
	};
	rootObject = 51E68A6419B6AA2200FF47B1 /* Project object */;
}
